PODS:
  - AFNetworking (2.5.4):
    - AFNetworking/NSURLConnection (= 2.5.4)
    - AFNetworking/NSURLSession (= 2.5.4)
    - AFNetworking/Reachability (= 2.5.4)
    - AFNetworking/Security (= 2.5.4)
    - AFNetworking/Serialization (= 2.5.4)
    - AFNetworking/UIKit (= 2.5.4)
  - AFNetworking/NSURLConnection (2.5.4):
    - AFNetworking/Reachability
    - AFNetworking/Security
    - AFNetworking/Serialization
  - AFNetworking/NSURLSession (2.5.4):
    - AFNetworking/Reachability
    - AFNetworking/Security
    - AFNetworking/Serialization
  - AFNetworking/Reachability (2.5.4)
  - AFNetworking/Security (2.5.4)
  - AFNetworking/Serialization (2.5.4)
  - AFNetworking/UIKit (2.5.4):
    - AFNetworking/NSURLConnection
    - AFNetworking/NSURLSession
  - Avenue (0.2.0):
    - AFNetworking
    - KVOController
    - PromiseKit/CorePromise (~> 2.0)
  - Expecta (1.0.2)
  - KVOController (1.0.3)
  - PromiseKit/CorePromise (2.1.1)
  - Specta (0.2.1)

DEPENDENCIES:
  - Avenue (from `../`)
  - Expecta
  - Specta (~> 0.2.1)

EXTERNAL SOURCES:
  Avenue:
    :path: "../"

SPEC CHECKSUMS:
  AFNetworking: 05edc0ac4c4c8cf57bcf4b84be5b0744b6d8e71e
  Avenue: b4da236a9a6a54331f289cde7a0d1d1af2c32535
  Expecta: 54e8a3530add08f4f0208c111355eda7cde74a53
  KVOController: 9fd8f0343670994e4b6f9f0b31f5a45663f3e1cf
  PromiseKit: 45fa68ef95b049be494a1502dab228a60374ad5a
  Specta: 15a276a6343867b426d5ed135d5aa4d04123a573

COCOAPODS: 0.38.2
